// !$*UTF8*$!
{
	archiveVersion = 1;
	classes = {
	};
	objectVersion = 56;
	objects = {

/* Begin PBXBuildFile section */
		468A2F9C2C2406F5005C825F /* QuestViewModel.swift in Sources */ = {isa = PBXBuildFile; fileRef = 468A2F9B2C2406F5005C825F /* QuestViewModel.swift */; };
		468A2FA02C241056005C825F /* LoveLanguageModel.swift in Sources */ = {isa = PBXBuildFile; fileRef = 468A2F9F2C241056005C825F /* LoveLanguageModel.swift */; };
		468A2FC22C29C138005C825F /* (null) in Sources */ = {isa = PBXBuildFile; };
		468A2FC82C2ACB26005C825F /* MainView.swift in Sources */ = {isa = PBXBuildFile; fileRef = 468A2FC72C2ACB26005C825F /* MainView.swift */; };
		468A2FCE2C2BC9C6005C825F /* CardTabJourneyNotesView.swift in Sources */ = {isa = PBXBuildFile; fileRef = 468A2FCD2C2BC9C6005C825F /* CardTabJourneyNotesView.swift */; };
		9B2DD0CD2C2C4E5300647E02 /* CardLogView.swift in Sources */ = {isa = PBXBuildFile; fileRef = 9B2DD0CC2C2C4E5300647E02 /* CardLogView.swift */; };
		9B2DD0CF2C2C53DF00647E02 /* ListLog.swift in Sources */ = {isa = PBXBuildFile; fileRef = 9B2DD0CE2C2C53DF00647E02 /* ListLog.swift */; };
		9B3916562C285E6600082A07 /* Mali-Regular.ttf in Resources */ = {isa = PBXBuildFile; fileRef = 9B39164A2C285E6600082A07 /* Mali-Regular.ttf */; };
		9B3916572C285E6600082A07 /* Mali-SemiBoldItalic.ttf in Resources */ = {isa = PBXBuildFile; fileRef = 9B39164B2C285E6600082A07 /* Mali-SemiBoldItalic.ttf */; };
		9B3916582C285E6600082A07 /* Mali-Medium.ttf in Resources */ = {isa = PBXBuildFile; fileRef = 9B39164C2C285E6600082A07 /* Mali-Medium.ttf */; };
		9B3916592C285E6600082A07 /* Mali-BoldItalic.ttf in Resources */ = {isa = PBXBuildFile; fileRef = 9B39164D2C285E6600082A07 /* Mali-BoldItalic.ttf */; };
		9B39165A2C285E6600082A07 /* Mali-MediumItalic.ttf in Resources */ = {isa = PBXBuildFile; fileRef = 9B39164E2C285E6600082A07 /* Mali-MediumItalic.ttf */; };
		9B39165B2C285E6600082A07 /* Mali-Light.ttf in Resources */ = {isa = PBXBuildFile; fileRef = 9B39164F2C285E6600082A07 /* Mali-Light.ttf */; };
		9B39165C2C285E6600082A07 /* Mali-Bold.ttf in Resources */ = {isa = PBXBuildFile; fileRef = 9B3916502C285E6600082A07 /* Mali-Bold.ttf */; };
		9B39165D2C285E6600082A07 /* Mali-Italic.ttf in Resources */ = {isa = PBXBuildFile; fileRef = 9B3916512C285E6600082A07 /* Mali-Italic.ttf */; };
		9B39165E2C285E6600082A07 /* Mali-SemiBold.ttf in Resources */ = {isa = PBXBuildFile; fileRef = 9B3916522C285E6600082A07 /* Mali-SemiBold.ttf */; };
		9B39165F2C285E6600082A07 /* Mali-ExtraLightItalic.ttf in Resources */ = {isa = PBXBuildFile; fileRef = 9B3916532C285E6600082A07 /* Mali-ExtraLightItalic.ttf */; };
		9B3916602C285E6600082A07 /* Mali-LightItalic.ttf in Resources */ = {isa = PBXBuildFile; fileRef = 9B3916542C285E6600082A07 /* Mali-LightItalic.ttf */; };
		9B3916612C285E6600082A07 /* Mali-ExtraLight.ttf in Resources */ = {isa = PBXBuildFile; fileRef = 9B3916552C285E6600082A07 /* Mali-ExtraLight.ttf */; };
		9B67975F2C2B909F00BC11D3 /* AchievementBadge.swift in Sources */ = {isa = PBXBuildFile; fileRef = 9B67975E2C2B909F00BC11D3 /* AchievementBadge.swift */; };
		9B6797612C2BCE1C00BC11D3 /* OpenBook.swift in Sources */ = {isa = PBXBuildFile; fileRef = 9B6797602C2BCE1C00BC11D3 /* OpenBook.swift */; };
		9B89800D2C2283A700388BE1 /* QuestModel.swift in Sources */ = {isa = PBXBuildFile; fileRef = 9B89800C2C2283A700388BE1 /* QuestModel.swift */; };
		9B89800F2C22860200388BE1 /* AchievementModel.swift in Sources */ = {isa = PBXBuildFile; fileRef = 9B89800E2C22860200388BE1 /* AchievementModel.swift */; };
		9B8980112C22866F00388BE1 /* BadgeModel.swift in Sources */ = {isa = PBXBuildFile; fileRef = 9B8980102C22866F00388BE1 /* BadgeModel.swift */; };
		DD0057FB2C2B283300F64802 /* QuestCard.swift in Sources */ = {isa = PBXBuildFile; fileRef = DD0057FA2C2B283300F64802 /* QuestCard.swift */; };
		DD0057FE2C2B2AD800F64802 /* QuestVM.swift in Sources */ = {isa = PBXBuildFile; fileRef = DD0057FD2C2B2AD800F64802 /* QuestVM.swift */; };
		DD0058002C2BC7D000F64802 /* LogModel.swift in Sources */ = {isa = PBXBuildFile; fileRef = DD0057FF2C2BC7D000F64802 /* LogModel.swift */; };
		DD1C3DB12C2D3D0C007C782A /* LoginView.swift in Sources */ = {isa = PBXBuildFile; fileRef = DD1C3DB02C2D3D0C007C782A /* LoginView.swift */; };
		DD1C3DB32C2D3D2A007C782A /* RegisterView.swift in Sources */ = {isa = PBXBuildFile; fileRef = DD1C3DB22C2D3D2A007C782A /* RegisterView.swift */; };
		DD1C3DB62C2D3D90007C782A /* InputCodeView.swift in Sources */ = {isa = PBXBuildFile; fileRef = DD1C3DB52C2D3D90007C782A /* InputCodeView.swift */; };
		DD1C3DB82C2D3DAE007C782A /* LoveLangView.swift in Sources */ = {isa = PBXBuildFile; fileRef = DD1C3DB72C2D3DAE007C782A /* LoveLangView.swift */; };
		DD1C3DBC2C2D3E38007C782A /* AchieveView.swift in Sources */ = {isa = PBXBuildFile; fileRef = DD1C3DBB2C2D3E38007C782A /* AchieveView.swift */; };
		DD1C3DBE2C2D3E5D007C782A /* AchieveDetailView.swift in Sources */ = {isa = PBXBuildFile; fileRef = DD1C3DBD2C2D3E5D007C782A /* AchieveDetailView.swift */; };
		DD1C3DC12C2D3EFF007C782A /* AssessView.swift in Sources */ = {isa = PBXBuildFile; fileRef = DD1C3DC02C2D3EFF007C782A /* AssessView.swift */; };
		DD1C3DC32C2D3F45007C782A /* LogsView.swift in Sources */ = {isa = PBXBuildFile; fileRef = DD1C3DC22C2D3F45007C782A /* LogsView.swift */; };
		DD1C3DC62C2D4092007C782A /* CandyBoxView.swift in Sources */ = {isa = PBXBuildFile; fileRef = DD1C3DC52C2D4092007C782A /* CandyBoxView.swift */; };
		DD1C3DCA2C2D4836007C782A /* JourneyNotesView.swift in Sources */ = {isa = PBXBuildFile; fileRef = DD1C3DC92C2D4836007C782A /* JourneyNotesView.swift */; };
		DD1C3DCC2C2D4872007C782A /* ValidateQuestView.swift in Sources */ = {isa = PBXBuildFile; fileRef = DD1C3DCB2C2D4872007C782A /* ValidateQuestView.swift */; };
		DD1C3DCF2C2D4A02007C782A /* LoginVM.swift in Sources */ = {isa = PBXBuildFile; fileRef = DD1C3DCE2C2D4A02007C782A /* LoginVM.swift */; };
		DD1C3DD12C2D4A16007C782A /* RegisterVM.swift in Sources */ = {isa = PBXBuildFile; fileRef = DD1C3DD02C2D4A16007C782A /* RegisterVM.swift */; };
		DD1C3DD42C2D4A63007C782A /* AchievementVM.swift in Sources */ = {isa = PBXBuildFile; fileRef = DD1C3DD32C2D4A62007C782A /* AchievementVM.swift */; };
		DD1C3DD62C2D4A7F007C782A /* AccountVM.swift in Sources */ = {isa = PBXBuildFile; fileRef = DD1C3DD52C2D4A7F007C782A /* AccountVM.swift */; };
		DD1C3DD82C2D4AB5007C782A /* QuestPerMonthVM.swift in Sources */ = {isa = PBXBuildFile; fileRef = DD1C3DD72C2D4AB5007C782A /* QuestPerMonthVM.swift */; };
		DD1C3DDB2C2D4AFA007C782A /* InputCodeVM.swift in Sources */ = {isa = PBXBuildFile; fileRef = DD1C3DDA2C2D4AFA007C782A /* InputCodeVM.swift */; };
		DD1C3DDD2C2D4B13007C782A /* InputLoveLanguageVM.swift in Sources */ = {isa = PBXBuildFile; fileRef = DD1C3DDC2C2D4B13007C782A /* InputLoveLanguageVM.swift */; };
		DD429AEA2C283A3100256406 /* PersonModel.swift in Sources */ = {isa = PBXBuildFile; fileRef = DD429AE92C283A3100256406 /* PersonModel.swift */; };
		DD429AEE2C286C3F00256406 /* API.swift in Sources */ = {isa = PBXBuildFile; fileRef = DD429AED2C286C3F00256406 /* API.swift */; };
		DD429AF22C2893E900256406 /* LoginRegisterStruct.swift in Sources */ = {isa = PBXBuildFile; fileRef = DD429AF12C2893E900256406 /* LoginRegisterStruct.swift */; };
		DD9D163A2C1F4A3D0001FE44 /* CandyPotionApp.swift in Sources */ = {isa = PBXBuildFile; fileRef = DD9D16392C1F4A3D0001FE44 /* CandyPotionApp.swift */; };
		DD9D163E2C1F4A3E0001FE44 /* Assets.xcassets in Resources */ = {isa = PBXBuildFile; fileRef = DD9D163D2C1F4A3E0001FE44 /* Assets.xcassets */; };
		DD9D16412C1F4A3E0001FE44 /* Preview Assets.xcassets in Resources */ = {isa = PBXBuildFile; fileRef = DD9D16402C1F4A3E0001FE44 /* Preview Assets.xcassets */; };
		DDBB7E062C1F5657003CD2CD /* String+Extension.swift in Sources */ = {isa = PBXBuildFile; fileRef = DDBB7E052C1F5657003CD2CD /* String+Extension.swift */; };
		DDBB7E082C1F56A3003CD2CD /* TextFieldInput.swift in Sources */ = {isa = PBXBuildFile; fileRef = DDBB7E072C1F56A3003CD2CD /* TextFieldInput.swift */; };
/* End PBXBuildFile section */

/* Begin PBXFileReference section */
		468A2F9B2C2406F5005C825F /* QuestViewModel.swift */ = {isa = PBXFileReference; lastKnownFileType = sourcecode.swift; path = QuestViewModel.swift; sourceTree = "<group>"; };
		468A2F9F2C241056005C825F /* LoveLanguageModel.swift */ = {isa = PBXFileReference; lastKnownFileType = sourcecode.swift; path = LoveLanguageModel.swift; sourceTree = "<group>"; };
		468A2FBE2C282910005C825F /* Info.plist */ = {isa = PBXFileReference; lastKnownFileType = text.plist; path = Info.plist; sourceTree = "<group>"; };
		468A2FC72C2ACB26005C825F /* MainView.swift */ = {isa = PBXFileReference; lastKnownFileType = sourcecode.swift; path = MainView.swift; sourceTree = "<group>"; };
		468A2FCD2C2BC9C6005C825F /* CardTabJourneyNotesView.swift */ = {isa = PBXFileReference; lastKnownFileType = sourcecode.swift; path = CardTabJourneyNotesView.swift; sourceTree = "<group>"; };
		9B2DD0CC2C2C4E5300647E02 /* CardLogView.swift */ = {isa = PBXFileReference; lastKnownFileType = sourcecode.swift; path = CardLogView.swift; sourceTree = "<group>"; };
		9B2DD0CE2C2C53DF00647E02 /* ListLog.swift */ = {isa = PBXFileReference; lastKnownFileType = sourcecode.swift; path = ListLog.swift; sourceTree = "<group>"; };
		9B39164A2C285E6600082A07 /* Mali-Regular.ttf */ = {isa = PBXFileReference; lastKnownFileType = file; path = "Mali-Regular.ttf"; sourceTree = "<group>"; };
		9B39164B2C285E6600082A07 /* Mali-SemiBoldItalic.ttf */ = {isa = PBXFileReference; lastKnownFileType = file; path = "Mali-SemiBoldItalic.ttf"; sourceTree = "<group>"; };
		9B39164C2C285E6600082A07 /* Mali-Medium.ttf */ = {isa = PBXFileReference; lastKnownFileType = file; path = "Mali-Medium.ttf"; sourceTree = "<group>"; };
		9B39164D2C285E6600082A07 /* Mali-BoldItalic.ttf */ = {isa = PBXFileReference; lastKnownFileType = file; path = "Mali-BoldItalic.ttf"; sourceTree = "<group>"; };
		9B39164E2C285E6600082A07 /* Mali-MediumItalic.ttf */ = {isa = PBXFileReference; lastKnownFileType = file; path = "Mali-MediumItalic.ttf"; sourceTree = "<group>"; };
		9B39164F2C285E6600082A07 /* Mali-Light.ttf */ = {isa = PBXFileReference; lastKnownFileType = file; path = "Mali-Light.ttf"; sourceTree = "<group>"; };
		9B3916502C285E6600082A07 /* Mali-Bold.ttf */ = {isa = PBXFileReference; lastKnownFileType = file; path = "Mali-Bold.ttf"; sourceTree = "<group>"; };
		9B3916512C285E6600082A07 /* Mali-Italic.ttf */ = {isa = PBXFileReference; lastKnownFileType = file; path = "Mali-Italic.ttf"; sourceTree = "<group>"; };
		9B3916522C285E6600082A07 /* Mali-SemiBold.ttf */ = {isa = PBXFileReference; lastKnownFileType = file; path = "Mali-SemiBold.ttf"; sourceTree = "<group>"; };
		9B3916532C285E6600082A07 /* Mali-ExtraLightItalic.ttf */ = {isa = PBXFileReference; lastKnownFileType = file; path = "Mali-ExtraLightItalic.ttf"; sourceTree = "<group>"; };
		9B3916542C285E6600082A07 /* Mali-LightItalic.ttf */ = {isa = PBXFileReference; lastKnownFileType = file; path = "Mali-LightItalic.ttf"; sourceTree = "<group>"; };
		9B3916552C285E6600082A07 /* Mali-ExtraLight.ttf */ = {isa = PBXFileReference; lastKnownFileType = file; path = "Mali-ExtraLight.ttf"; sourceTree = "<group>"; };
		9B3916622C285E9D00082A07 /* Info.plist */ = {isa = PBXFileReference; lastKnownFileType = text.plist; path = Info.plist; sourceTree = "<group>"; };
		9B67975E2C2B909F00BC11D3 /* AchievementBadge.swift */ = {isa = PBXFileReference; lastKnownFileType = sourcecode.swift; path = AchievementBadge.swift; sourceTree = "<group>"; };
		9B6797602C2BCE1C00BC11D3 /* OpenBook.swift */ = {isa = PBXFileReference; lastKnownFileType = sourcecode.swift; path = OpenBook.swift; sourceTree = "<group>"; };
		9B89800C2C2283A700388BE1 /* QuestModel.swift */ = {isa = PBXFileReference; lastKnownFileType = sourcecode.swift; path = QuestModel.swift; sourceTree = "<group>"; };
		9B89800E2C22860200388BE1 /* AchievementModel.swift */ = {isa = PBXFileReference; lastKnownFileType = sourcecode.swift; path = AchievementModel.swift; sourceTree = "<group>"; };
		9B8980102C22866F00388BE1 /* BadgeModel.swift */ = {isa = PBXFileReference; lastKnownFileType = sourcecode.swift; path = BadgeModel.swift; sourceTree = "<group>"; };
		DD0057FA2C2B283300F64802 /* QuestCard.swift */ = {isa = PBXFileReference; lastKnownFileType = sourcecode.swift; path = QuestCard.swift; sourceTree = "<group>"; };
		DD0057FD2C2B2AD800F64802 /* QuestVM.swift */ = {isa = PBXFileReference; lastKnownFileType = sourcecode.swift; path = QuestVM.swift; sourceTree = "<group>"; };
		DD0057FF2C2BC7D000F64802 /* LogModel.swift */ = {isa = PBXFileReference; lastKnownFileType = sourcecode.swift; path = LogModel.swift; sourceTree = "<group>"; };
		DD1C3DB02C2D3D0C007C782A /* LoginView.swift */ = {isa = PBXFileReference; lastKnownFileType = sourcecode.swift; path = LoginView.swift; sourceTree = "<group>"; };
		DD1C3DB22C2D3D2A007C782A /* RegisterView.swift */ = {isa = PBXFileReference; lastKnownFileType = sourcecode.swift; path = RegisterView.swift; sourceTree = "<group>"; };
		DD1C3DB52C2D3D90007C782A /* InputCodeView.swift */ = {isa = PBXFileReference; lastKnownFileType = sourcecode.swift; path = InputCodeView.swift; sourceTree = "<group>"; };
		DD1C3DB72C2D3DAE007C782A /* LoveLangView.swift */ = {isa = PBXFileReference; lastKnownFileType = sourcecode.swift; path = LoveLangView.swift; sourceTree = "<group>"; };
		DD1C3DBB2C2D3E38007C782A /* AchieveView.swift */ = {isa = PBXFileReference; lastKnownFileType = sourcecode.swift; path = AchieveView.swift; sourceTree = "<group>"; };
		DD1C3DBD2C2D3E5D007C782A /* AchieveDetailView.swift */ = {isa = PBXFileReference; lastKnownFileType = sourcecode.swift; path = AchieveDetailView.swift; sourceTree = "<group>"; };
		DD1C3DC02C2D3EFF007C782A /* AssessView.swift */ = {isa = PBXFileReference; lastKnownFileType = sourcecode.swift; path = AssessView.swift; sourceTree = "<group>"; };
		DD1C3DC22C2D3F45007C782A /* LogsView.swift */ = {isa = PBXFileReference; lastKnownFileType = sourcecode.swift; path = LogsView.swift; sourceTree = "<group>"; };
		DD1C3DC52C2D4092007C782A /* CandyBoxView.swift */ = {isa = PBXFileReference; lastKnownFileType = sourcecode.swift; path = CandyBoxView.swift; sourceTree = "<group>"; };
		DD1C3DC92C2D4836007C782A /* JourneyNotesView.swift */ = {isa = PBXFileReference; lastKnownFileType = sourcecode.swift; path = JourneyNotesView.swift; sourceTree = "<group>"; };
		DD1C3DCB2C2D4872007C782A /* ValidateQuestView.swift */ = {isa = PBXFileReference; lastKnownFileType = sourcecode.swift; path = ValidateQuestView.swift; sourceTree = "<group>"; };
		DD1C3DCE2C2D4A02007C782A /* LoginVM.swift */ = {isa = PBXFileReference; lastKnownFileType = sourcecode.swift; path = LoginVM.swift; sourceTree = "<group>"; };
		DD1C3DD02C2D4A16007C782A /* RegisterVM.swift */ = {isa = PBXFileReference; lastKnownFileType = sourcecode.swift; path = RegisterVM.swift; sourceTree = "<group>"; };
		DD1C3DD32C2D4A62007C782A /* AchievementVM.swift */ = {isa = PBXFileReference; lastKnownFileType = sourcecode.swift; path = AchievementVM.swift; sourceTree = "<group>"; };
		DD1C3DD52C2D4A7F007C782A /* AccountVM.swift */ = {isa = PBXFileReference; lastKnownFileType = sourcecode.swift; path = AccountVM.swift; sourceTree = "<group>"; };
		DD1C3DD72C2D4AB5007C782A /* QuestPerMonthVM.swift */ = {isa = PBXFileReference; lastKnownFileType = sourcecode.swift; path = QuestPerMonthVM.swift; sourceTree = "<group>"; };
		DD1C3DDA2C2D4AFA007C782A /* InputCodeVM.swift */ = {isa = PBXFileReference; lastKnownFileType = sourcecode.swift; path = InputCodeVM.swift; sourceTree = "<group>"; };
		DD1C3DDC2C2D4B13007C782A /* InputLoveLanguageVM.swift */ = {isa = PBXFileReference; lastKnownFileType = sourcecode.swift; path = InputLoveLanguageVM.swift; sourceTree = "<group>"; };
		DD429AE92C283A3100256406 /* PersonModel.swift */ = {isa = PBXFileReference; lastKnownFileType = sourcecode.swift; path = PersonModel.swift; sourceTree = "<group>"; };
		DD429AED2C286C3F00256406 /* API.swift */ = {isa = PBXFileReference; lastKnownFileType = sourcecode.swift; path = API.swift; sourceTree = "<group>"; };
		DD429AF12C2893E900256406 /* LoginRegisterStruct.swift */ = {isa = PBXFileReference; lastKnownFileType = sourcecode.swift; path = LoginRegisterStruct.swift; sourceTree = "<group>"; };
		DD9D16362C1F4A3D0001FE44 /* CandyPotion.app */ = {isa = PBXFileReference; explicitFileType = wrapper.application; includeInIndex = 0; path = CandyPotion.app; sourceTree = BUILT_PRODUCTS_DIR; };
		DD9D16392C1F4A3D0001FE44 /* CandyPotionApp.swift */ = {isa = PBXFileReference; lastKnownFileType = sourcecode.swift; path = CandyPotionApp.swift; sourceTree = "<group>"; };
		DD9D163D2C1F4A3E0001FE44 /* Assets.xcassets */ = {isa = PBXFileReference; lastKnownFileType = folder.assetcatalog; path = Assets.xcassets; sourceTree = "<group>"; };
		DD9D16402C1F4A3E0001FE44 /* Preview Assets.xcassets */ = {isa = PBXFileReference; lastKnownFileType = folder.assetcatalog; path = "Preview Assets.xcassets"; sourceTree = "<group>"; };
		DDBB7E052C1F5657003CD2CD /* String+Extension.swift */ = {isa = PBXFileReference; lastKnownFileType = sourcecode.swift; path = "String+Extension.swift"; sourceTree = "<group>"; };
		DDBB7E072C1F56A3003CD2CD /* TextFieldInput.swift */ = {isa = PBXFileReference; lastKnownFileType = sourcecode.swift; path = TextFieldInput.swift; sourceTree = "<group>"; };
/* End PBXFileReference section */

/* Begin PBXFrameworksBuildPhase section */
		DD9D16332C1F4A3D0001FE44 /* Frameworks */ = {
			isa = PBXFrameworksBuildPhase;
			buildActionMask = 2147483647;
			files = (
			);
			runOnlyForDeploymentPostprocessing = 0;
		};
/* End PBXFrameworksBuildPhase section */

/* Begin PBXGroup section */
		9B3916492C285E4A00082A07 /* Fonts */ = {
			isa = PBXGroup;
			children = (
				9B3916502C285E6600082A07 /* Mali-Bold.ttf */,
				9B39164D2C285E6600082A07 /* Mali-BoldItalic.ttf */,
				9B3916552C285E6600082A07 /* Mali-ExtraLight.ttf */,
				9B3916532C285E6600082A07 /* Mali-ExtraLightItalic.ttf */,
				9B3916512C285E6600082A07 /* Mali-Italic.ttf */,
				9B39164F2C285E6600082A07 /* Mali-Light.ttf */,
				9B3916542C285E6600082A07 /* Mali-LightItalic.ttf */,
				9B39164C2C285E6600082A07 /* Mali-Medium.ttf */,
				9B39164E2C285E6600082A07 /* Mali-MediumItalic.ttf */,
				9B39164A2C285E6600082A07 /* Mali-Regular.ttf */,
				9B3916522C285E6600082A07 /* Mali-SemiBold.ttf */,
				9B39164B2C285E6600082A07 /* Mali-SemiBoldItalic.ttf */,
			);
			path = Fonts;
			sourceTree = "<group>";
		};
		DD0057FC2C2B2AB600F64802 /* Quest */ = {
			isa = PBXGroup;
			children = (
				DD0057FD2C2B2AD800F64802 /* QuestVM.swift */,
				DD1C3DD72C2D4AB5007C782A /* QuestPerMonthVM.swift */,
			);
			path = Quest;
			sourceTree = "<group>";
		};
		DD1C3DAE2C2C70FB007C782A /* Recovered References */ = {
			isa = PBXGroup;
			children = (
			);
			name = "Recovered References";
			sourceTree = "<group>";
		};
		DD1C3DAF2C2D3CEC007C782A /* Authentication */ = {
			isa = PBXGroup;
			children = (
				DD1C3DB02C2D3D0C007C782A /* LoginView.swift */,
				DD1C3DB22C2D3D2A007C782A /* RegisterView.swift */,
			);
			path = Authentication;
			sourceTree = "<group>";
		};
		DD1C3DB42C2D3D43007C782A /* Post Authentication */ = {
			isa = PBXGroup;
			children = (
				DD1C3DB52C2D3D90007C782A /* InputCodeView.swift */,
				DD1C3DB72C2D3DAE007C782A /* LoveLangView.swift */,
			);
			path = "Post Authentication";
			sourceTree = "<group>";
		};
		DD1C3DBA2C2D3E25007C782A /* Recipe Book */ = {
			isa = PBXGroup;
			children = (
				DD1C3DBB2C2D3E38007C782A /* AchieveView.swift */,
				DD1C3DBD2C2D3E5D007C782A /* AchieveDetailView.swift */,
			);
			path = "Recipe Book";
			sourceTree = "<group>";
		};
		DD1C3DBF2C2D3EBE007C782A /* JourneyNotes */ = {
			isa = PBXGroup;
			children = (
				DD1C3DC02C2D3EFF007C782A /* AssessView.swift */,
				DD1C3DC22C2D3F45007C782A /* LogsView.swift */,
				DD1C3DC92C2D4836007C782A /* JourneyNotesView.swift */,
				DD1C3DCB2C2D4872007C782A /* ValidateQuestView.swift */,
			);
			path = JourneyNotes;
			sourceTree = "<group>";
		};
		DD1C3DC42C2D407E007C782A /* CandyBox */ = {
			isa = PBXGroup;
			children = (
				DD1C3DC52C2D4092007C782A /* CandyBoxView.swift */,
			);
			path = CandyBox;
			sourceTree = "<group>";
		};
		DD1C3DCD2C2D49EA007C782A /* Authentication */ = {
			isa = PBXGroup;
			children = (
				DD1C3DCE2C2D4A02007C782A /* LoginVM.swift */,
				DD1C3DD02C2D4A16007C782A /* RegisterVM.swift */,
				DD1C3DD52C2D4A7F007C782A /* AccountVM.swift */,
			);
			path = Authentication;
			sourceTree = "<group>";
		};
		DD1C3DD22C2D4A38007C782A /* Recipe Book */ = {
			isa = PBXGroup;
			children = (
				DD1C3DD32C2D4A62007C782A /* AchievementVM.swift */,
			);
			path = "Recipe Book";
			sourceTree = "<group>";
		};
		DD1C3DD92C2D4AE4007C782A /* Post Authentication */ = {
			isa = PBXGroup;
			children = (
				DD1C3DDA2C2D4AFA007C782A /* InputCodeVM.swift */,
				DD1C3DDC2C2D4B13007C782A /* InputLoveLanguageVM.swift */,
			);
			path = "Post Authentication";
			sourceTree = "<group>";
		};
		DD9D162D2C1F4A3D0001FE44 = {
			isa = PBXGroup;
			children = (
				DD9D16382C1F4A3D0001FE44 /* CandyPotion */,
				DD9D16372C1F4A3D0001FE44 /* Products */,
				DD1C3DAE2C2C70FB007C782A /* Recovered References */,
			);
			sourceTree = "<group>";
		};
		DD9D16372C1F4A3D0001FE44 /* Products */ = {
			isa = PBXGroup;
			children = (
				DD9D16362C1F4A3D0001FE44 /* CandyPotion.app */,
			);
			name = Products;
			sourceTree = "<group>";
		};
		DD9D16382C1F4A3D0001FE44 /* CandyPotion */ = {
			isa = PBXGroup;
			children = (
				468A2FBE2C282910005C825F /* Info.plist */,
				9B3916622C285E9D00082A07 /* Info.plist */,
				9B3916492C285E4A00082A07 /* Fonts */,
				DDBB7E0D2C1F596F003CD2CD /* ViewModel */,
				DDBB7E022C1F54F9003CD2CD /* Utils */,
				DD9D16482C1F4B5D0001FE44 /* Model */,
				DD9D16472C1F4B570001FE44 /* View */,
				DD9D16392C1F4A3D0001FE44 /* CandyPotionApp.swift */,
				DD9D163D2C1F4A3E0001FE44 /* Assets.xcassets */,
				DD9D163F2C1F4A3E0001FE44 /* Preview Content */,
			);
			path = CandyPotion;
			sourceTree = "<group>";
		};
		DD9D163F2C1F4A3E0001FE44 /* Preview Content */ = {
			isa = PBXGroup;
			children = (
				DD9D16402C1F4A3E0001FE44 /* Preview Assets.xcassets */,
			);
			path = "Preview Content";
			sourceTree = "<group>";
		};
		DD9D16472C1F4B570001FE44 /* View */ = {
			isa = PBXGroup;
			children = (
				DDBB7E012C1F54EB003CD2CD /* Components */,
				DDBB7E002C1F54DE003CD2CD /* Pages */,
			);
			path = View;
			sourceTree = "<group>";
		};
		DD9D16482C1F4B5D0001FE44 /* Model */ = {
			isa = PBXGroup;
			children = (
				468A2F9F2C241056005C825F /* LoveLanguageModel.swift */,
				9B89800C2C2283A700388BE1 /* QuestModel.swift */,
				9B89800E2C22860200388BE1 /* AchievementModel.swift */,
				9B8980102C22866F00388BE1 /* BadgeModel.swift */,
				DD429AE92C283A3100256406 /* PersonModel.swift */,
				DD429AF12C2893E900256406 /* LoginRegisterStruct.swift */,
				DD0057FF2C2BC7D000F64802 /* LogModel.swift */,
			);
			path = Model;
			sourceTree = "<group>";
		};
		DDBB7E002C1F54DE003CD2CD /* Pages */ = {
			isa = PBXGroup;
			children = (
				DD1C3DC42C2D407E007C782A /* CandyBox */,
				DD1C3DBF2C2D3EBE007C782A /* JourneyNotes */,
				DD1C3DBA2C2D3E25007C782A /* Recipe Book */,
				DD1C3DB42C2D3D43007C782A /* Post Authentication */,
				DD1C3DAF2C2D3CEC007C782A /* Authentication */,
				468A2FC72C2ACB26005C825F /* MainView.swift */,
			);
			path = Pages;
			sourceTree = "<group>";
		};
		DDBB7E012C1F54EB003CD2CD /* Components */ = {
			isa = PBXGroup;
			children = (
				DDBB7E072C1F56A3003CD2CD /* TextFieldInput.swift */,
				9B67975E2C2B909F00BC11D3 /* AchievementBadge.swift */,
				9B6797602C2BCE1C00BC11D3 /* OpenBook.swift */,
				9B2DD0CC2C2C4E5300647E02 /* CardLogView.swift */,
				9B2DD0CE2C2C53DF00647E02 /* ListLog.swift */,
				DD0057FA2C2B283300F64802 /* QuestCard.swift */,
				468A2FCD2C2BC9C6005C825F /* CardTabJourneyNotesView.swift */,
			);
			path = Components;
			sourceTree = "<group>";
		};
		DDBB7E022C1F54F9003CD2CD /* Utils */ = {
			isa = PBXGroup;
			children = (
				DDBB7E052C1F5657003CD2CD /* String+Extension.swift */,
				DD429AED2C286C3F00256406 /* API.swift */,
			);
			path = Utils;
			sourceTree = "<group>";
		};
		DDBB7E0D2C1F596F003CD2CD /* ViewModel */ = {
			isa = PBXGroup;
			children = (
				DD1C3DD92C2D4AE4007C782A /* Post Authentication */,
				DD1C3DD22C2D4A38007C782A /* Recipe Book */,
				DD1C3DCD2C2D49EA007C782A /* Authentication */,
				DD0057FC2C2B2AB600F64802 /* Quest */,
				468A2F9B2C2406F5005C825F /* QuestViewModel.swift */,
			);
			path = ViewModel;
			sourceTree = "<group>";
		};
/* End PBXGroup section */

/* Begin PBXNativeTarget section */
		DD9D16352C1F4A3D0001FE44 /* CandyPotion */ = {
			isa = PBXNativeTarget;
			buildConfigurationList = DD9D16442C1F4A3E0001FE44 /* Build configuration list for PBXNativeTarget "CandyPotion" */;
			buildPhases = (
				DD9D16322C1F4A3D0001FE44 /* Sources */,
				DD9D16332C1F4A3D0001FE44 /* Frameworks */,
				DD9D16342C1F4A3D0001FE44 /* Resources */,
			);
			buildRules = (
			);
			dependencies = (
			);
			name = CandyPotion;
			productName = CandyPotion;
			productReference = DD9D16362C1F4A3D0001FE44 /* CandyPotion.app */;
			productType = "com.apple.product-type.application";
		};
/* End PBXNativeTarget section */

/* Begin PBXProject section */
		DD9D162E2C1F4A3D0001FE44 /* Project object */ = {
			isa = PBXProject;
			attributes = {
				BuildIndependentTargetsInParallel = 1;
				LastSwiftUpdateCheck = 1540;
				LastUpgradeCheck = 1540;
				TargetAttributes = {
					DD9D16352C1F4A3D0001FE44 = {
						CreatedOnToolsVersion = 15.4;
					};
				};
			};
			buildConfigurationList = DD9D16312C1F4A3D0001FE44 /* Build configuration list for PBXProject "CandyPotion" */;
			compatibilityVersion = "Xcode 14.0";
			developmentRegion = en;
			hasScannedForEncodings = 0;
			knownRegions = (
				en,
				Base,
			);
			mainGroup = DD9D162D2C1F4A3D0001FE44;
			productRefGroup = DD9D16372C1F4A3D0001FE44 /* Products */;
			projectDirPath = "";
			projectRoot = "";
			targets = (
				DD9D16352C1F4A3D0001FE44 /* CandyPotion */,
			);
		};
/* End PBXProject section */

/* Begin PBXResourcesBuildPhase section */
		DD9D16342C1F4A3D0001FE44 /* Resources */ = {
			isa = PBXResourcesBuildPhase;
			buildActionMask = 2147483647;
			files = (
				DD9D16412C1F4A3E0001FE44 /* Preview Assets.xcassets in Resources */,
				DD9D163E2C1F4A3E0001FE44 /* Assets.xcassets in Resources */,
				9B39165C2C285E6600082A07 /* Mali-Bold.ttf in Resources */,
				9B3916612C285E6600082A07 /* Mali-ExtraLight.ttf in Resources */,
				9B3916572C285E6600082A07 /* Mali-SemiBoldItalic.ttf in Resources */,
				9B3916562C285E6600082A07 /* Mali-Regular.ttf in Resources */,
				9B39165F2C285E6600082A07 /* Mali-ExtraLightItalic.ttf in Resources */,
				9B39165D2C285E6600082A07 /* Mali-Italic.ttf in Resources */,
				9B39165B2C285E6600082A07 /* Mali-Light.ttf in Resources */,
				9B3916602C285E6600082A07 /* Mali-LightItalic.ttf in Resources */,
				DD9D16412C1F4A3E0001FE44 /* Preview Assets.xcassets in Resources */,
				9B3916582C285E6600082A07 /* Mali-Medium.ttf in Resources */,
				9B3916592C285E6600082A07 /* Mali-BoldItalic.ttf in Resources */,
				DD9D163E2C1F4A3E0001FE44 /* Assets.xcassets in Resources */,
				9B39165A2C285E6600082A07 /* Mali-MediumItalic.ttf in Resources */,
				9B39165E2C285E6600082A07 /* Mali-SemiBold.ttf in Resources */,
			);
			runOnlyForDeploymentPostprocessing = 0;
		};
/* End PBXResourcesBuildPhase section */

/* Begin PBXSourcesBuildPhase section */
		DD9D16322C1F4A3D0001FE44 /* Sources */ = {
			isa = PBXSourcesBuildPhase;
			buildActionMask = 2147483647;
			files = (
				468A2F9C2C2406F5005C825F /* QuestViewModel.swift in Sources */,
				9B89800D2C2283A700388BE1 /* QuestModel.swift in Sources */,
				DD1C3DB32C2D3D2A007C782A /* RegisterView.swift in Sources */,
				DD1C3DD12C2D4A16007C782A /* RegisterVM.swift in Sources */,
				DD1C3DBC2C2D3E38007C782A /* AchieveView.swift in Sources */,
				DD1C3DD62C2D4A7F007C782A /* AccountVM.swift in Sources */,
				DD1C3DCF2C2D4A02007C782A /* LoginVM.swift in Sources */,
				DD429AF22C2893E900256406 /* LoginRegisterStruct.swift in Sources */,
				468A2FCE2C2BC9C6005C825F /* CardTabJourneyNotesView.swift in Sources */,
				DD1C3DC62C2D4092007C782A /* CandyBoxView.swift in Sources */,
				DD429AEA2C283A3100256406 /* PersonModel.swift in Sources */,
				468A2FC22C29C138005C825F /* (null) in Sources */,
				DD1C3DCC2C2D4872007C782A /* ValidateQuestView.swift in Sources */,
				DD0058002C2BC7D000F64802 /* LogModel.swift in Sources */,
				DD1C3DCA2C2D4836007C782A /* JourneyNotesView.swift in Sources */,
				468A2FC82C2ACB26005C825F /* MainView.swift in Sources */,
				DD429AEA2C283A3100256406 /* PersonModel.swift in Sources */,
				DD1C3DB82C2D3DAE007C782A /* LoveLangView.swift in Sources */,
				DD1C3DDB2C2D4AFA007C782A /* InputCodeVM.swift in Sources */,
				9B89800F2C22860200388BE1 /* AchievementModel.swift in Sources */,
				DDBB7E082C1F56A3003CD2CD /* TextFieldInput.swift in Sources */,
				9B8980112C22866F00388BE1 /* BadgeModel.swift in Sources */,
				DD1C3DBE2C2D3E5D007C782A /* AchieveDetailView.swift in Sources */,
				DD0057FE2C2B2AD800F64802 /* QuestVM.swift in Sources */,
				DD1C3DD42C2D4A63007C782A /* AchievementVM.swift in Sources */,
				DD1C3DDD2C2D4B13007C782A /* InputLoveLanguageVM.swift in Sources */,
				DD1C3DB62C2D3D90007C782A /* InputCodeView.swift in Sources */,
				DDBB7E062C1F5657003CD2CD /* String+Extension.swift in Sources */,
				DD429AEE2C286C3F00256406 /* API.swift in Sources */,
				DD1C3DC32C2D3F45007C782A /* LogsView.swift in Sources */,
				DD9D163A2C1F4A3D0001FE44 /* CandyPotionApp.swift in Sources */,
				9B2DD0CD2C2C4E5300647E02 /* CardLogView.swift in Sources */,
				9B6797612C2BCE1C00BC11D3 /* OpenBook.swift in Sources */,
				DD1C3DB12C2D3D0C007C782A /* LoginView.swift in Sources */,
				DD1C3DD82C2D4AB5007C782A /* QuestPerMonthVM.swift in Sources */,
				DD1C3DC12C2D3EFF007C782A /* AssessView.swift in Sources */,
				9B2DD0CF2C2C53DF00647E02 /* ListLog.swift in Sources */,
				DD0057FB2C2B283300F64802 /* QuestCard.swift in Sources */,
				468A2FA02C241056005C825F /* LoveLanguageModel.swift in Sources */,
				9B67975F2C2B909F00BC11D3 /* AchievementBadge.swift in Sources */,
			);
			runOnlyForDeploymentPostprocessing = 0;
		};
/* End PBXSourcesBuildPhase section */

/* Begin XCBuildConfiguration section */
		DD9D16422C1F4A3E0001FE44 /* Debug */ = {
			isa = XCBuildConfiguration;
			buildSettings = {
				ALWAYS_SEARCH_USER_PATHS = NO;
				ASSETCATALOG_COMPILER_GENERATE_SWIFT_ASSET_SYMBOL_EXTENSIONS = YES;
				CLANG_ANALYZER_NONNULL = YES;
				CLANG_ANALYZER_NUMBER_OBJECT_CONVERSION = YES_AGGRESSIVE;
				CLANG_CXX_LANGUAGE_STANDARD = "gnu++20";
				CLANG_ENABLE_MODULES = YES;
				CLANG_ENABLE_OBJC_ARC = YES;
				CLANG_ENABLE_OBJC_WEAK = YES;
				CLANG_WARN_BLOCK_CAPTURE_AUTORELEASING = YES;
				CLANG_WARN_BOOL_CONVERSION = YES;
				CLANG_WARN_COMMA = YES;
				CLANG_WARN_CONSTANT_CONVERSION = YES;
				CLANG_WARN_DEPRECATED_OBJC_IMPLEMENTATIONS = YES;
				CLANG_WARN_DIRECT_OBJC_ISA_USAGE = YES_ERROR;
				CLANG_WARN_DOCUMENTATION_COMMENTS = YES;
				CLANG_WARN_EMPTY_BODY = YES;
				CLANG_WARN_ENUM_CONVERSION = YES;
				CLANG_WARN_INFINITE_RECURSION = YES;
				CLANG_WARN_INT_CONVERSION = YES;
				CLANG_WARN_NON_LITERAL_NULL_CONVERSION = YES;
				CLANG_WARN_OBJC_IMPLICIT_RETAIN_SELF = YES;
				CLANG_WARN_OBJC_LITERAL_CONVERSION = YES;
				CLANG_WARN_OBJC_ROOT_CLASS = YES_ERROR;
				CLANG_WARN_QUOTED_INCLUDE_IN_FRAMEWORK_HEADER = YES;
				CLANG_WARN_RANGE_LOOP_ANALYSIS = YES;
				CLANG_WARN_STRICT_PROTOTYPES = YES;
				CLANG_WARN_SUSPICIOUS_MOVE = YES;
				CLANG_WARN_UNGUARDED_AVAILABILITY = YES_AGGRESSIVE;
				CLANG_WARN_UNREACHABLE_CODE = YES;
				CLANG_WARN__DUPLICATE_METHOD_MATCH = YES;
				COPY_PHASE_STRIP = NO;
				DEBUG_INFORMATION_FORMAT = dwarf;
				ENABLE_STRICT_OBJC_MSGSEND = YES;
				ENABLE_TESTABILITY = YES;
				ENABLE_USER_SCRIPT_SANDBOXING = YES;
				GCC_C_LANGUAGE_STANDARD = gnu17;
				GCC_DYNAMIC_NO_PIC = NO;
				GCC_NO_COMMON_BLOCKS = YES;
				GCC_OPTIMIZATION_LEVEL = 0;
				GCC_PREPROCESSOR_DEFINITIONS = (
					"DEBUG=1",
					"$(inherited)",
				);
				GCC_WARN_64_TO_32_BIT_CONVERSION = YES;
				GCC_WARN_ABOUT_RETURN_TYPE = YES_ERROR;
				GCC_WARN_UNDECLARED_SELECTOR = YES;
				GCC_WARN_UNINITIALIZED_AUTOS = YES_AGGRESSIVE;
				GCC_WARN_UNUSED_FUNCTION = YES;
				GCC_WARN_UNUSED_VARIABLE = YES;
				IPHONEOS_DEPLOYMENT_TARGET = 17.0;
				LOCALIZATION_PREFERS_STRING_CATALOGS = YES;
				MTL_ENABLE_DEBUG_INFO = INCLUDE_SOURCE;
				MTL_FAST_MATH = YES;
				ONLY_ACTIVE_ARCH = YES;
				SDKROOT = iphoneos;
				SWIFT_ACTIVE_COMPILATION_CONDITIONS = "DEBUG $(inherited)";
				SWIFT_OPTIMIZATION_LEVEL = "-Onone";
			};
			name = Debug;
		};
		DD9D16432C1F4A3E0001FE44 /* Release */ = {
			isa = XCBuildConfiguration;
			buildSettings = {
				ALWAYS_SEARCH_USER_PATHS = NO;
				ASSETCATALOG_COMPILER_GENERATE_SWIFT_ASSET_SYMBOL_EXTENSIONS = YES;
				CLANG_ANALYZER_NONNULL = YES;
				CLANG_ANALYZER_NUMBER_OBJECT_CONVERSION = YES_AGGRESSIVE;
				CLANG_CXX_LANGUAGE_STANDARD = "gnu++20";
				CLANG_ENABLE_MODULES = YES;
				CLANG_ENABLE_OBJC_ARC = YES;
				CLANG_ENABLE_OBJC_WEAK = YES;
				CLANG_WARN_BLOCK_CAPTURE_AUTORELEASING = YES;
				CLANG_WARN_BOOL_CONVERSION = YES;
				CLANG_WARN_COMMA = YES;
				CLANG_WARN_CONSTANT_CONVERSION = YES;
				CLANG_WARN_DEPRECATED_OBJC_IMPLEMENTATIONS = YES;
				CLANG_WARN_DIRECT_OBJC_ISA_USAGE = YES_ERROR;
				CLANG_WARN_DOCUMENTATION_COMMENTS = YES;
				CLANG_WARN_EMPTY_BODY = YES;
				CLANG_WARN_ENUM_CONVERSION = YES;
				CLANG_WARN_INFINITE_RECURSION = YES;
				CLANG_WARN_INT_CONVERSION = YES;
				CLANG_WARN_NON_LITERAL_NULL_CONVERSION = YES;
				CLANG_WARN_OBJC_IMPLICIT_RETAIN_SELF = YES;
				CLANG_WARN_OBJC_LITERAL_CONVERSION = YES;
				CLANG_WARN_OBJC_ROOT_CLASS = YES_ERROR;
				CLANG_WARN_QUOTED_INCLUDE_IN_FRAMEWORK_HEADER = YES;
				CLANG_WARN_RANGE_LOOP_ANALYSIS = YES;
				CLANG_WARN_STRICT_PROTOTYPES = YES;
				CLANG_WARN_SUSPICIOUS_MOVE = YES;
				CLANG_WARN_UNGUARDED_AVAILABILITY = YES_AGGRESSIVE;
				CLANG_WARN_UNREACHABLE_CODE = YES;
				CLANG_WARN__DUPLICATE_METHOD_MATCH = YES;
				COPY_PHASE_STRIP = NO;
				DEBUG_INFORMATION_FORMAT = "dwarf-with-dsym";
				ENABLE_NS_ASSERTIONS = NO;
				ENABLE_STRICT_OBJC_MSGSEND = YES;
				ENABLE_USER_SCRIPT_SANDBOXING = YES;
				GCC_C_LANGUAGE_STANDARD = gnu17;
				GCC_NO_COMMON_BLOCKS = YES;
				GCC_WARN_64_TO_32_BIT_CONVERSION = YES;
				GCC_WARN_ABOUT_RETURN_TYPE = YES_ERROR;
				GCC_WARN_UNDECLARED_SELECTOR = YES;
				GCC_WARN_UNINITIALIZED_AUTOS = YES_AGGRESSIVE;
				GCC_WARN_UNUSED_FUNCTION = YES;
				GCC_WARN_UNUSED_VARIABLE = YES;
				IPHONEOS_DEPLOYMENT_TARGET = 17.0;
				LOCALIZATION_PREFERS_STRING_CATALOGS = YES;
				MTL_ENABLE_DEBUG_INFO = NO;
				MTL_FAST_MATH = YES;
				SDKROOT = iphoneos;
				SWIFT_COMPILATION_MODE = wholemodule;
				VALIDATE_PRODUCT = YES;
			};
			name = Release;
		};
		DD9D16452C1F4A3E0001FE44 /* Debug */ = {
			isa = XCBuildConfiguration;
			buildSettings = {
				ASSETCATALOG_COMPILER_APPICON_NAME = AppIcon;
				ASSETCATALOG_COMPILER_GLOBAL_ACCENT_COLOR_NAME = AccentColor;
				CODE_SIGN_STYLE = Automatic;
				CURRENT_PROJECT_VERSION = 1;
				DEVELOPMENT_ASSET_PATHS = "\"CandyPotion/Preview Content\"";
				INFOPLIST_KEY_LSApplicationCategoryType = "public.app-category.entertainment";
				DEVELOPMENT_TEAM = F7W83KYCN5;
				ENABLE_PREVIEWS = YES;
				GENERATE_INFOPLIST_FILE = YES;
				INFOPLIST_FILE = CandyPotion/Info.plist;
				INFOPLIST_KEY_UIApplicationSceneManifest_Generation = YES;
				INFOPLIST_KEY_UIApplicationSupportsIndirectInputEvents = YES;
				INFOPLIST_KEY_UILaunchScreen_Generation = YES;
				INFOPLIST_KEY_UISupportedInterfaceOrientations = UIInterfaceOrientationPortrait;
				INFOPLIST_KEY_UISupportedInterfaceOrientations_iPad = "UIInterfaceOrientationLandscapeLeft UIInterfaceOrientationLandscapeRight UIInterfaceOrientationPortrait UIInterfaceOrientationPortraitUpsideDown";
				IPHONEOS_DEPLOYMENT_TARGET = 17.0;
				LD_RUNPATH_SEARCH_PATHS = (
					"$(inherited)",
					"@executable_path/Frameworks",
				);
				MARKETING_VERSION = 1.0;
				PRODUCT_BUNDLE_IDENTIFIER = test.CandyPotion;
				PRODUCT_NAME = "$(TARGET_NAME)";
				SWIFT_EMIT_LOC_STRINGS = YES;
				SWIFT_VERSION = 5.0;
				TARGETED_DEVICE_FAMILY = "1,2";
			};
			name = Debug;
		};
		DD9D16462C1F4A3E0001FE44 /* Release */ = {
			isa = XCBuildConfiguration;
			buildSettings = {
				ASSETCATALOG_COMPILER_APPICON_NAME = AppIcon;
				ASSETCATALOG_COMPILER_GLOBAL_ACCENT_COLOR_NAME = AccentColor;
				CODE_SIGN_STYLE = Automatic;
				CURRENT_PROJECT_VERSION = 1;
				DEVELOPMENT_ASSET_PATHS = "\"CandyPotion/Preview Content\"";
				INFOPLIST_KEY_LSApplicationCategoryType = "public.app-category.entertainment";
				DEVELOPMENT_TEAM = F7W83KYCN5;
				ENABLE_PREVIEWS = YES;
				GENERATE_INFOPLIST_FILE = YES;
				INFOPLIST_FILE = CandyPotion/Info.plist;
				INFOPLIST_KEY_UIApplicationSceneManifest_Generation = YES;
				INFOPLIST_KEY_UIApplicationSupportsIndirectInputEvents = YES;
				INFOPLIST_KEY_UILaunchScreen_Generation = YES;
				INFOPLIST_KEY_UISupportedInterfaceOrientations = UIInterfaceOrientationPortrait;
				INFOPLIST_KEY_UISupportedInterfaceOrientations_iPad = "UIInterfaceOrientationLandscapeLeft UIInterfaceOrientationLandscapeRight UIInterfaceOrientationPortrait UIInterfaceOrientationPortraitUpsideDown";
				IPHONEOS_DEPLOYMENT_TARGET = 17.0;
				LD_RUNPATH_SEARCH_PATHS = (
					"$(inherited)",
					"@executable_path/Frameworks",
				);
				MARKETING_VERSION = 1.0;
				PRODUCT_BUNDLE_IDENTIFIER = test.CandyPotion;
				PRODUCT_NAME = "$(TARGET_NAME)";
				SWIFT_EMIT_LOC_STRINGS = YES;
				SWIFT_VERSION = 5.0;
				TARGETED_DEVICE_FAMILY = "1,2";
			};
			name = Release;
		};
/* End XCBuildConfiguration section */

/* Begin XCConfigurationList section */
		DD9D16312C1F4A3D0001FE44 /* Build configuration list for PBXProject "CandyPotion" */ = {
			isa = XCConfigurationList;
			buildConfigurations = (
				DD9D16422C1F4A3E0001FE44 /* Debug */,
				DD9D16432C1F4A3E0001FE44 /* Release */,
			);
			defaultConfigurationIsVisible = 0;
			defaultConfigurationName = Release;
		};
		DD9D16442C1F4A3E0001FE44 /* Build configuration list for PBXNativeTarget "CandyPotion" */ = {
			isa = XCConfigurationList;
			buildConfigurations = (
				DD9D16452C1F4A3E0001FE44 /* Debug */,
				DD9D16462C1F4A3E0001FE44 /* Release */,
			);
			defaultConfigurationIsVisible = 0;
			defaultConfigurationName = Release;
		};
/* End XCConfigurationList section */
	};
	rootObject = DD9D162E2C1F4A3D0001FE44 /* Project object */;
}
