// !$*UTF8*$!
{
	archiveVersion = 1;
	classes = {
	};
	objectVersion = 56;
	objects = {

/* Begin PBXBuildFile section */
		468A2F982C240229005C825F /* QuestView.swift in Sources */ = {isa = PBXBuildFile; fileRef = 468A2F972C240229005C825F /* QuestView.swift */; };
		468A2F9A2C2406D9005C825F /* CardView.swift in Sources */ = {isa = PBXBuildFile; fileRef = 468A2F992C2406D9005C825F /* CardView.swift */; };
		468A2F9C2C2406F5005C825F /* QuestViewModel.swift in Sources */ = {isa = PBXBuildFile; fileRef = 468A2F9B2C2406F5005C825F /* QuestViewModel.swift */; };
		468A2FA02C241056005C825F /* LoveLanguageModel.swift in Sources */ = {isa = PBXBuildFile; fileRef = 468A2F9F2C241056005C825F /* LoveLanguageModel.swift */; };
		468A2FA22C241530005C825F /* QuestPage.swift in Sources */ = {isa = PBXBuildFile; fileRef = 468A2FA12C241530005C825F /* QuestPage.swift */; };
		DD9D163A2C1F4A3D0001FE44 /* CandyPotionApp.swift in Sources */ = {isa = PBXBuildFile; fileRef = DD9D16392C1F4A3D0001FE44 /* CandyPotionApp.swift */; };
		DD9D163E2C1F4A3E0001FE44 /* Assets.xcassets in Resources */ = {isa = PBXBuildFile; fileRef = DD9D163D2C1F4A3E0001FE44 /* Assets.xcassets */; };
		DD9D16412C1F4A3E0001FE44 /* Preview Assets.xcassets in Resources */ = {isa = PBXBuildFile; fileRef = DD9D16402C1F4A3E0001FE44 /* Preview Assets.xcassets */; };
		DDBB7E042C1F5515003CD2CD /* MainView.swift in Sources */ = {isa = PBXBuildFile; fileRef = DDBB7E032C1F5515003CD2CD /* MainView.swift */; };
		DDBB7E062C1F5657003CD2CD /* String+Extension.swift in Sources */ = {isa = PBXBuildFile; fileRef = DDBB7E052C1F5657003CD2CD /* String+Extension.swift */; };
		DDBB7E082C1F56A3003CD2CD /* TextFieldInput.swift in Sources */ = {isa = PBXBuildFile; fileRef = DDBB7E072C1F56A3003CD2CD /* TextFieldInput.swift */; };
		DDBB7E0A2C1F5824003CD2CD /* PersonModel.swift in Sources */ = {isa = PBXBuildFile; fileRef = DDBB7E092C1F5824003CD2CD /* PersonModel.swift */; };
		DDBB7E0F2C1F598D003CD2CD /* MainVM.swift in Sources */ = {isa = PBXBuildFile; fileRef = DDBB7E0E2C1F598D003CD2CD /* MainVM.swift */; };
/* End PBXBuildFile section */

/* Begin PBXFileReference section */
		468A2F972C240229005C825F /* QuestView.swift */ = {isa = PBXFileReference; lastKnownFileType = sourcecode.swift; path = QuestView.swift; sourceTree = "<group>"; };
		468A2F992C2406D9005C825F /* CardView.swift */ = {isa = PBXFileReference; lastKnownFileType = sourcecode.swift; path = CardView.swift; sourceTree = "<group>"; };
		468A2F9B2C2406F5005C825F /* QuestViewModel.swift */ = {isa = PBXFileReference; lastKnownFileType = sourcecode.swift; path = QuestViewModel.swift; sourceTree = "<group>"; };
		468A2F9F2C241056005C825F /* LoveLanguageModel.swift */ = {isa = PBXFileReference; lastKnownFileType = sourcecode.swift; path = LoveLanguageModel.swift; sourceTree = "<group>"; };
		468A2FA12C241530005C825F /* QuestPage.swift */ = {isa = PBXFileReference; lastKnownFileType = sourcecode.swift; path = QuestPage.swift; sourceTree = "<group>"; };
		DD9D16362C1F4A3D0001FE44 /* CandyPotion.app */ = {isa = PBXFileReference; explicitFileType = wrapper.application; includeInIndex = 0; path = CandyPotion.app; sourceTree = BUILT_PRODUCTS_DIR; };
		DD9D16392C1F4A3D0001FE44 /* CandyPotionApp.swift */ = {isa = PBXFileReference; lastKnownFileType = sourcecode.swift; path = CandyPotionApp.swift; sourceTree = "<group>"; };
		DD9D163D2C1F4A3E0001FE44 /* Assets.xcassets */ = {isa = PBXFileReference; lastKnownFileType = folder.assetcatalog; path = Assets.xcassets; sourceTree = "<group>"; };
		DD9D16402C1F4A3E0001FE44 /* Preview Assets.xcassets */ = {isa = PBXFileReference; lastKnownFileType = folder.assetcatalog; path = "Preview Assets.xcassets"; sourceTree = "<group>"; };
		DDBB7E032C1F5515003CD2CD /* MainView.swift */ = {isa = PBXFileReference; lastKnownFileType = sourcecode.swift; path = MainView.swift; sourceTree = "<group>"; };
		DDBB7E052C1F5657003CD2CD /* String+Extension.swift */ = {isa = PBXFileReference; lastKnownFileType = sourcecode.swift; path = "String+Extension.swift"; sourceTree = "<group>"; };
		DDBB7E072C1F56A3003CD2CD /* TextFieldInput.swift */ = {isa = PBXFileReference; lastKnownFileType = sourcecode.swift; path = TextFieldInput.swift; sourceTree = "<group>"; };
		DDBB7E092C1F5824003CD2CD /* PersonModel.swift */ = {isa = PBXFileReference; lastKnownFileType = sourcecode.swift; path = PersonModel.swift; sourceTree = "<group>"; };
		DDBB7E0E2C1F598D003CD2CD /* MainVM.swift */ = {isa = PBXFileReference; lastKnownFileType = sourcecode.swift; path = MainVM.swift; sourceTree = "<group>"; };
/* End PBXFileReference section */

/* Begin PBXFrameworksBuildPhase section */
		DD9D16332C1F4A3D0001FE44 /* Frameworks */ = {
			isa = PBXFrameworksBuildPhase;
			buildActionMask = 2147483647;
			files = (
			);
			runOnlyForDeploymentPostprocessing = 0;
		};
/* End PBXFrameworksBuildPhase section */

/* Begin PBXGroup section */
		DD9D162D2C1F4A3D0001FE44 = {
			isa = PBXGroup;
			children = (
				DD9D16382C1F4A3D0001FE44 /* CandyPotion */,
				DD9D16372C1F4A3D0001FE44 /* Products */,
			);
			sourceTree = "<group>";
		};
		DD9D16372C1F4A3D0001FE44 /* Products */ = {
			isa = PBXGroup;
			children = (
				DD9D16362C1F4A3D0001FE44 /* CandyPotion.app */,
			);
			name = Products;
			sourceTree = "<group>";
		};
		DD9D16382C1F4A3D0001FE44 /* CandyPotion */ = {
			isa = PBXGroup;
			children = (
				DDBB7E0D2C1F596F003CD2CD /* ViewModel */,
				DDBB7E022C1F54F9003CD2CD /* Utils */,
				DD9D16482C1F4B5D0001FE44 /* Model */,
				DD9D16472C1F4B570001FE44 /* View */,
				DD9D16392C1F4A3D0001FE44 /* CandyPotionApp.swift */,
				DD9D163D2C1F4A3E0001FE44 /* Assets.xcassets */,
				DD9D163F2C1F4A3E0001FE44 /* Preview Content */,
			);
			path = CandyPotion;
			sourceTree = "<group>";
		};
		DD9D163F2C1F4A3E0001FE44 /* Preview Content */ = {
			isa = PBXGroup;
			children = (
				DD9D16402C1F4A3E0001FE44 /* Preview Assets.xcassets */,
			);
			path = "Preview Content";
			sourceTree = "<group>";
		};
		DD9D16472C1F4B570001FE44 /* View */ = {
			isa = PBXGroup;
			children = (
				DDBB7E012C1F54EB003CD2CD /* Components */,
				DDBB7E002C1F54DE003CD2CD /* Pages */,
			);
			path = View;
			sourceTree = "<group>";
		};
		DD9D16482C1F4B5D0001FE44 /* Model */ = {
			isa = PBXGroup;
			children = (
				DDBB7E092C1F5824003CD2CD /* PersonModel.swift */,
				468A2F9F2C241056005C825F /* LoveLanguageModel.swift */,
			);
			path = Model;
			sourceTree = "<group>";
		};
		DDBB7E002C1F54DE003CD2CD /* Pages */ = {
			isa = PBXGroup;
			children = (
				DDBB7E032C1F5515003CD2CD /* MainView.swift */,
				468A2F972C240229005C825F /* QuestView.swift */,
				468A2FA12C241530005C825F /* QuestPage.swift */,
			);
			path = Pages;
			sourceTree = "<group>";
		};
		DDBB7E012C1F54EB003CD2CD /* Components */ = {
			isa = PBXGroup;
			children = (
				DDBB7E072C1F56A3003CD2CD /* TextFieldInput.swift */,
				468A2F992C2406D9005C825F /* CardView.swift */,
			);
			path = Components;
			sourceTree = "<group>";
		};
		DDBB7E022C1F54F9003CD2CD /* Utils */ = {
			isa = PBXGroup;
			children = (
				DDBB7E052C1F5657003CD2CD /* String+Extension.swift */,
			);
			path = Utils;
			sourceTree = "<group>";
		};
		DDBB7E0D2C1F596F003CD2CD /* ViewModel */ = {
			isa = PBXGroup;
			children = (
				DDBB7E0E2C1F598D003CD2CD /* MainVM.swift */,
				468A2F9B2C2406F5005C825F /* QuestViewModel.swift */,
			);
			path = ViewModel;
			sourceTree = "<group>";
		};
/* End PBXGroup section */

/* Begin PBXNativeTarget section */
		DD9D16352C1F4A3D0001FE44 /* CandyPotion */ = {
			isa = PBXNativeTarget;
			buildConfigurationList = DD9D16442C1F4A3E0001FE44 /* Build configuration list for PBXNativeTarget "CandyPotion" */;
			buildPhases = (
				DD9D16322C1F4A3D0001FE44 /* Sources */,
				DD9D16332C1F4A3D0001FE44 /* Frameworks */,
				DD9D16342C1F4A3D0001FE44 /* Resources */,
			);
			buildRules = (
			);
			dependencies = (
			);
			name = CandyPotion;
			productName = CandyPotion;
			productReference = DD9D16362C1F4A3D0001FE44 /* CandyPotion.app */;
			productType = "com.apple.product-type.application";
		};
/* End PBXNativeTarget section */

/* Begin PBXProject section */
		DD9D162E2C1F4A3D0001FE44 /* Project object */ = {
			isa = PBXProject;
			attributes = {
				BuildIndependentTargetsInParallel = 1;
				LastSwiftUpdateCheck = 1540;
				LastUpgradeCheck = 1540;
				TargetAttributes = {
					DD9D16352C1F4A3D0001FE44 = {
						CreatedOnToolsVersion = 15.4;
					};
				};
			};
			buildConfigurationList = DD9D16312C1F4A3D0001FE44 /* Build configuration list for PBXProject "CandyPotion" */;
			compatibilityVersion = "Xcode 14.0";
			developmentRegion = en;
			hasScannedForEncodings = 0;
			knownRegions = (
				en,
				Base,
			);
			mainGroup = DD9D162D2C1F4A3D0001FE44;
			productRefGroup = DD9D16372C1F4A3D0001FE44 /* Products */;
			projectDirPath = "";
			projectRoot = "";
			targets = (
				DD9D16352C1F4A3D0001FE44 /* CandyPotion */,
			);
		};
/* End PBXProject section */

/* Begin PBXResourcesBuildPhase section */
		DD9D16342C1F4A3D0001FE44 /* Resources */ = {
			isa = PBXResourcesBuildPhase;
			buildActionMask = 2147483647;
			files = (
				DD9D16412C1F4A3E0001FE44 /* Preview Assets.xcassets in Resources */,
				DD9D163E2C1F4A3E0001FE44 /* Assets.xcassets in Resources */,
			);
			runOnlyForDeploymentPostprocessing = 0;
		};
/* End PBXResourcesBuildPhase section */

/* Begin PBXSourcesBuildPhase section */
		DD9D16322C1F4A3D0001FE44 /* Sources */ = {
			isa = PBXSourcesBuildPhase;
			buildActionMask = 2147483647;
			files = (
				468A2F9C2C2406F5005C825F /* QuestViewModel.swift in Sources */,
				DDBB7E0A2C1F5824003CD2CD /* PersonModel.swift in Sources */,
				DDBB7E0F2C1F598D003CD2CD /* MainVM.swift in Sources */,
				DDBB7E082C1F56A3003CD2CD /* TextFieldInput.swift in Sources */,
				DDBB7E042C1F5515003CD2CD /* MainView.swift in Sources */,
				DDBB7E062C1F5657003CD2CD /* String+Extension.swift in Sources */,
				DD9D163A2C1F4A3D0001FE44 /* CandyPotionApp.swift in Sources */,
				468A2F9A2C2406D9005C825F /* CardView.swift in Sources */,
				468A2F982C240229005C825F /* QuestView.swift in Sources */,
				468A2FA02C241056005C825F /* LoveLanguageModel.swift in Sources */,
				468A2FA22C241530005C825F /* QuestPage.swift in Sources */,
			);
			runOnlyForDeploymentPostprocessing = 0;
		};
/* End PBXSourcesBuildPhase section */

/* Begin XCBuildConfiguration section */
		DD9D16422C1F4A3E0001FE44 /* Debug */ = {
			isa = XCBuildConfiguration;
			buildSettings = {
				ALWAYS_SEARCH_USER_PATHS = NO;
				ASSETCATALOG_COMPILER_GENERATE_SWIFT_ASSET_SYMBOL_EXTENSIONS = YES;
				CLANG_ANALYZER_NONNULL = YES;
				CLANG_ANALYZER_NUMBER_OBJECT_CONVERSION = YES_AGGRESSIVE;
				CLANG_CXX_LANGUAGE_STANDARD = "gnu++20";
				CLANG_ENABLE_MODULES = YES;
				CLANG_ENABLE_OBJC_ARC = YES;
				CLANG_ENABLE_OBJC_WEAK = YES;
				CLANG_WARN_BLOCK_CAPTURE_AUTORELEASING = YES;
				CLANG_WARN_BOOL_CONVERSION = YES;
				CLANG_WARN_COMMA = YES;
				CLANG_WARN_CONSTANT_CONVERSION = YES;
				CLANG_WARN_DEPRECATED_OBJC_IMPLEMENTATIONS = YES;
				CLANG_WARN_DIRECT_OBJC_ISA_USAGE = YES_ERROR;
				CLANG_WARN_DOCUMENTATION_COMMENTS = YES;
				CLANG_WARN_EMPTY_BODY = YES;
				CLANG_WARN_ENUM_CONVERSION = YES;
				CLANG_WARN_INFINITE_RECURSION = YES;
				CLANG_WARN_INT_CONVERSION = YES;
				CLANG_WARN_NON_LITERAL_NULL_CONVERSION = YES;
				CLANG_WARN_OBJC_IMPLICIT_RETAIN_SELF = YES;
				CLANG_WARN_OBJC_LITERAL_CONVERSION = YES;
				CLANG_WARN_OBJC_ROOT_CLASS = YES_ERROR;
				CLANG_WARN_QUOTED_INCLUDE_IN_FRAMEWORK_HEADER = YES;
				CLANG_WARN_RANGE_LOOP_ANALYSIS = YES;
				CLANG_WARN_STRICT_PROTOTYPES = YES;
				CLANG_WARN_SUSPICIOUS_MOVE = YES;
				CLANG_WARN_UNGUARDED_AVAILABILITY = YES_AGGRESSIVE;
				CLANG_WARN_UNREACHABLE_CODE = YES;
				CLANG_WARN__DUPLICATE_METHOD_MATCH = YES;
				COPY_PHASE_STRIP = NO;
				DEBUG_INFORMATION_FORMAT = dwarf;
				ENABLE_STRICT_OBJC_MSGSEND = YES;
				ENABLE_TESTABILITY = YES;
				ENABLE_USER_SCRIPT_SANDBOXING = YES;
				GCC_C_LANGUAGE_STANDARD = gnu17;
				GCC_DYNAMIC_NO_PIC = NO;
				GCC_NO_COMMON_BLOCKS = YES;
				GCC_OPTIMIZATION_LEVEL = 0;
				GCC_PREPROCESSOR_DEFINITIONS = (
					"DEBUG=1",
					"$(inherited)",
				);
				GCC_WARN_64_TO_32_BIT_CONVERSION = YES;
				GCC_WARN_ABOUT_RETURN_TYPE = YES_ERROR;
				GCC_WARN_UNDECLARED_SELECTOR = YES;
				GCC_WARN_UNINITIALIZED_AUTOS = YES_AGGRESSIVE;
				GCC_WARN_UNUSED_FUNCTION = YES;
				GCC_WARN_UNUSED_VARIABLE = YES;
				IPHONEOS_DEPLOYMENT_TARGET = 17.5;
				LOCALIZATION_PREFERS_STRING_CATALOGS = YES;
				MTL_ENABLE_DEBUG_INFO = INCLUDE_SOURCE;
				MTL_FAST_MATH = YES;
				ONLY_ACTIVE_ARCH = YES;
				SDKROOT = iphoneos;
				SWIFT_ACTIVE_COMPILATION_CONDITIONS = "DEBUG $(inherited)";
				SWIFT_OPTIMIZATION_LEVEL = "-Onone";
			};
			name = Debug;
		};
		DD9D16432C1F4A3E0001FE44 /* Release */ = {
			isa = XCBuildConfiguration;
			buildSettings = {
				ALWAYS_SEARCH_USER_PATHS = NO;
				ASSETCATALOG_COMPILER_GENERATE_SWIFT_ASSET_SYMBOL_EXTENSIONS = YES;
				CLANG_ANALYZER_NONNULL = YES;
				CLANG_ANALYZER_NUMBER_OBJECT_CONVERSION = YES_AGGRESSIVE;
				CLANG_CXX_LANGUAGE_STANDARD = "gnu++20";
				CLANG_ENABLE_MODULES = YES;
				CLANG_ENABLE_OBJC_ARC = YES;
				CLANG_ENABLE_OBJC_WEAK = YES;
				CLANG_WARN_BLOCK_CAPTURE_AUTORELEASING = YES;
				CLANG_WARN_BOOL_CONVERSION = YES;
				CLANG_WARN_COMMA = YES;
				CLANG_WARN_CONSTANT_CONVERSION = YES;
				CLANG_WARN_DEPRECATED_OBJC_IMPLEMENTATIONS = YES;
				CLANG_WARN_DIRECT_OBJC_ISA_USAGE = YES_ERROR;
				CLANG_WARN_DOCUMENTATION_COMMENTS = YES;
				CLANG_WARN_EMPTY_BODY = YES;
				CLANG_WARN_ENUM_CONVERSION = YES;
				CLANG_WARN_INFINITE_RECURSION = YES;
				CLANG_WARN_INT_CONVERSION = YES;
				CLANG_WARN_NON_LITERAL_NULL_CONVERSION = YES;
				CLANG_WARN_OBJC_IMPLICIT_RETAIN_SELF = YES;
				CLANG_WARN_OBJC_LITERAL_CONVERSION = YES;
				CLANG_WARN_OBJC_ROOT_CLASS = YES_ERROR;
				CLANG_WARN_QUOTED_INCLUDE_IN_FRAMEWORK_HEADER = YES;
				CLANG_WARN_RANGE_LOOP_ANALYSIS = YES;
				CLANG_WARN_STRICT_PROTOTYPES = YES;
				CLANG_WARN_SUSPICIOUS_MOVE = YES;
				CLANG_WARN_UNGUARDED_AVAILABILITY = YES_AGGRESSIVE;
				CLANG_WARN_UNREACHABLE_CODE = YES;
				CLANG_WARN__DUPLICATE_METHOD_MATCH = YES;
				COPY_PHASE_STRIP = NO;
				DEBUG_INFORMATION_FORMAT = "dwarf-with-dsym";
				ENABLE_NS_ASSERTIONS = NO;
				ENABLE_STRICT_OBJC_MSGSEND = YES;
				ENABLE_USER_SCRIPT_SANDBOXING = YES;
				GCC_C_LANGUAGE_STANDARD = gnu17;
				GCC_NO_COMMON_BLOCKS = YES;
				GCC_WARN_64_TO_32_BIT_CONVERSION = YES;
				GCC_WARN_ABOUT_RETURN_TYPE = YES_ERROR;
				GCC_WARN_UNDECLARED_SELECTOR = YES;
				GCC_WARN_UNINITIALIZED_AUTOS = YES_AGGRESSIVE;
				GCC_WARN_UNUSED_FUNCTION = YES;
				GCC_WARN_UNUSED_VARIABLE = YES;
				IPHONEOS_DEPLOYMENT_TARGET = 17.5;
				LOCALIZATION_PREFERS_STRING_CATALOGS = YES;
				MTL_ENABLE_DEBUG_INFO = NO;
				MTL_FAST_MATH = YES;
				SDKROOT = iphoneos;
				SWIFT_COMPILATION_MODE = wholemodule;
				VALIDATE_PRODUCT = YES;
			};
			name = Release;
		};
		DD9D16452C1F4A3E0001FE44 /* Debug */ = {
			isa = XCBuildConfiguration;
			buildSettings = {
				ASSETCATALOG_COMPILER_APPICON_NAME = AppIcon;
				ASSETCATALOG_COMPILER_GLOBAL_ACCENT_COLOR_NAME = AccentColor;
				CODE_SIGN_STYLE = Automatic;
				CURRENT_PROJECT_VERSION = 1;
				DEVELOPMENT_ASSET_PATHS = "\"CandyPotion/Preview Content\"";
				DEVELOPMENT_TEAM = F7WR45KMA2;
				ENABLE_PREVIEWS = YES;
				GENERATE_INFOPLIST_FILE = YES;
				INFOPLIST_KEY_UIApplicationSceneManifest_Generation = YES;
				INFOPLIST_KEY_UIApplicationSupportsIndirectInputEvents = YES;
				INFOPLIST_KEY_UILaunchScreen_Generation = YES;
				INFOPLIST_KEY_UISupportedInterfaceOrientations_iPad = "UIInterfaceOrientationPortrait UIInterfaceOrientationPortraitUpsideDown UIInterfaceOrientationLandscapeLeft UIInterfaceOrientationLandscapeRight";
				INFOPLIST_KEY_UISupportedInterfaceOrientations_iPhone = "UIInterfaceOrientationPortrait UIInterfaceOrientationLandscapeLeft UIInterfaceOrientationLandscapeRight";
				IPHONEOS_DEPLOYMENT_TARGET = 17.1;
				LD_RUNPATH_SEARCH_PATHS = (
					"$(inherited)",
					"@executable_path/Frameworks",
				);
				MARKETING_VERSION = 1.0;
				PRODUCT_BUNDLE_IDENTIFIER = test.CandyPotion;
				PRODUCT_NAME = "$(TARGET_NAME)";
				SWIFT_EMIT_LOC_STRINGS = YES;
				SWIFT_VERSION = 5.0;
				TARGETED_DEVICE_FAMILY = "1,2";
			};
			name = Debug;
		};
		DD9D16462C1F4A3E0001FE44 /* Release */ = {
			isa = XCBuildConfiguration;
			buildSettings = {
				ASSETCATALOG_COMPILER_APPICON_NAME = AppIcon;
				ASSETCATALOG_COMPILER_GLOBAL_ACCENT_COLOR_NAME = AccentColor;
				CODE_SIGN_STYLE = Automatic;
				CURRENT_PROJECT_VERSION = 1;
				DEVELOPMENT_ASSET_PATHS = "\"CandyPotion/Preview Content\"";
				DEVELOPMENT_TEAM = F7WR45KMA2;
				ENABLE_PREVIEWS = YES;
				GENERATE_INFOPLIST_FILE = YES;
				INFOPLIST_KEY_UIApplicationSceneManifest_Generation = YES;
				INFOPLIST_KEY_UIApplicationSupportsIndirectInputEvents = YES;
				INFOPLIST_KEY_UILaunchScreen_Generation = YES;
				INFOPLIST_KEY_UISupportedInterfaceOrientations_iPad = "UIInterfaceOrientationPortrait UIInterfaceOrientationPortraitUpsideDown UIInterfaceOrientationLandscapeLeft UIInterfaceOrientationLandscapeRight";
				INFOPLIST_KEY_UISupportedInterfaceOrientations_iPhone = "UIInterfaceOrientationPortrait UIInterfaceOrientationLandscapeLeft UIInterfaceOrientationLandscapeRight";
				IPHONEOS_DEPLOYMENT_TARGET = 17.1;
				LD_RUNPATH_SEARCH_PATHS = (
					"$(inherited)",
					"@executable_path/Frameworks",
				);
				MARKETING_VERSION = 1.0;
				PRODUCT_BUNDLE_IDENTIFIER = test.CandyPotion;
				PRODUCT_NAME = "$(TARGET_NAME)";
				SWIFT_EMIT_LOC_STRINGS = YES;
				SWIFT_VERSION = 5.0;
				TARGETED_DEVICE_FAMILY = "1,2";
			};
			name = Release;
		};
/* End XCBuildConfiguration section */

/* Begin XCConfigurationList section */
		DD9D16312C1F4A3D0001FE44 /* Build configuration list for PBXProject "CandyPotion" */ = {
			isa = XCConfigurationList;
			buildConfigurations = (
				DD9D16422C1F4A3E0001FE44 /* Debug */,
				DD9D16432C1F4A3E0001FE44 /* Release */,
			);
			defaultConfigurationIsVisible = 0;
			defaultConfigurationName = Release;
		};
		DD9D16442C1F4A3E0001FE44 /* Build configuration list for PBXNativeTarget "CandyPotion" */ = {
			isa = XCConfigurationList;
			buildConfigurations = (
				DD9D16452C1F4A3E0001FE44 /* Debug */,
				DD9D16462C1F4A3E0001FE44 /* Release */,
			);
			defaultConfigurationIsVisible = 0;
			defaultConfigurationName = Release;
		};
/* End XCConfigurationList section */
	};
	rootObject = DD9D162E2C1F4A3D0001FE44 /* Project object */;
}
